
Microsoft Visual Studio Solution File, Format Version 12.00
# Visual Studio Version 16
VisualStudioVersion = 16.0.30204.135
MinimumVisualStudioVersion = 10.0.40219.1
Project("{FAE04EC0-301F-11D3-BF4B-00C04F79EFBC}") = "Demo", "Demo\Demo.csproj", "{E3509C46-49C9-4089-8DFC-018D68EB9882}"
EndProject
Global
	GlobalSection(SolutionConfigurationPlatforms) = preSolution
		Debug|Any CPU = Debug|Any CPU
		Release|Any CPU = Release|Any CPU
	EndGlobalSection
	GlobalSection(ProjectConfigurationPlatforms) = postSolution
		{E3509C46-49C9-4089-8DFC-018D68EB9882}.Debug|Any CPU.ActiveCfg = Debug|Any CPU
		{E3509C46-49C9-4089-8DFC-018D68EB9882}.Debug|Any CPU.Build.0 = Debug|Any CPU
		{E3509C46-49C9-4089-8DFC-018D68EB9882}.Release|Any CPU.ActiveCfg = Release|Any CPU
		{E3509C46-49C9-4089-8DFC-018D68EB9882}.Release|Any CPU.Build.0 = Release|Any CPU
	EndGlobalSection
	GlobalSection(SolutionProperties) = preSolution
		HideSolutionNode = FALSE
	EndGlobalSection
	GlobalSection(ExtensibilityGlobals) = postSolution
		SolutionGuid = {1117C7BB-14B6-4819-9969-95F8E480557B}
	EndGlobalSection
EndGlobal
